
Microsoft Visual Studio Solution File, Format Version 12.00
# Visual Studio Version 16
VisualStudioVersion = 16.0.32602.291
MinimumVisualStudioVersion = 10.0.40219.1
Project("{FAE04EC0-301F-11D3-BF4B-00C04F79EFBC}") = "WinFormsLoginAndCrudOperations", "WinFormsLoginAndCrudOperations\WinFormsLoginAndCrudOperations.csproj", "{5D4AD769-6940-4A2F-B48D-24F3FC5D756F}"
EndProject
Global
	GlobalSection(SolutionConfigurationPlatforms) = preSolution
		Debug|Any CPU = Debug|Any CPU
		Release|Any CPU = Release|Any CPU
	EndGlobalSection
	GlobalSection(ProjectConfigurationPlatforms) = postSolution
		{5D4AD769-6940-4A2F-B48D-24F3FC5D756F}.Debug|Any CPU.ActiveCfg = Debug|Any CPU
		{5D4AD769-6940-4A2F-B48D-24F3FC5D756F}.Debug|Any CPU.Build.0 = Debug|Any CPU
		{5D4AD769-6940-4A2F-B48D-24F3FC5D756F}.Release|Any CPU.ActiveCfg = Release|Any CPU
		{5D4AD769-6940-4A2F-B48D-24F3FC5D756F}.Release|Any CPU.Build.0 = Release|Any CPU
	EndGlobalSection
	GlobalSection(SolutionProperties) = preSolution
		HideSolutionNode = FALSE
	EndGlobalSection
	GlobalSection(ExtensibilityGlobals) = postSolution
		SolutionGuid = {4838FEC7-8141-4B2B-8A05-B4D03DF31A6E}
	EndGlobalSection
EndGlobal
